
Microsoft Visual Studio Solution File, Format Version 12.00
# Visual Studio 15
VisualStudioVersion = 15.0.26430.12
MinimumVisualStudioVersion = 10.0.40219.1
Project("{FAE04EC0-301F-11D3-BF4B-00C04F79EFBC}") = "CookingWizard", "CookingWizard\CookingWizard.csproj", "{71E24ED7-542A-4A46-81A8-7462FB2E3FFA}"
EndProject
Global
	GlobalSection(SolutionConfigurationPlatforms) = preSolution
		Debug|Any CPU = Debug|Any CPU
		Release|Any CPU = Release|Any CPU
	EndGlobalSection
	GlobalSection(ProjectConfigurationPlatforms) = postSolution
		{71E24ED7-542A-4A46-81A8-7462FB2E3FFA}.Debug|Any CPU.ActiveCfg = Debug|Any CPU
		{71E24ED7-542A-4A46-81A8-7462FB2E3FFA}.Debug|Any CPU.Build.0 = Debug|Any CPU
		{71E24ED7-542A-4A46-81A8-7462FB2E3FFA}.Release|Any CPU.ActiveCfg = Release|Any CPU
		{71E24ED7-542A-4A46-81A8-7462FB2E3FFA}.Release|Any CPU.Build.0 = Release|Any CPU
	EndGlobalSection
	GlobalSection(SolutionProperties) = preSolution
		HideSolutionNode = FALSE
	EndGlobalSection
EndGlobal
